github.com/ebitengine/purego v0.10.0 h1:QIw4xfpWT6GWTzaW5XEKy3HXoqrJGx1ijYHzTF0/ISU=
github.com/ebitengine/purego v0.10.0/go.mod h1:iIjxzd6CiRiOG0UyXP+V1+jWqUXVjPKLAI0mRfJZTmQ=
github.com/energye/lcl v1.0.2 h1:3Y+qrjxmYin9oyhQ1ndrol4cbDSjhl+QY1Xuow0CVVc=
github.com/energye/lcl v1.0.2/go.mod h1:k9apUIp1r1FMg1e+S3psbS4rQigEiyOmqxMsIOOz+Rs=
